PODS:
  - Flutter (1.0.0)
  - flutter_plugin_old (0.0.1):
    - Flutter

DEPENDENCIES:
  - Flutter (from `Flutter`)
  - flutter_plugin_old (from `.symlinks/plugins/flutter_plugin_old/ios`)

EXTERNAL SOURCES:
  Flutter:
    :path: Flutter
  flutter_plugin_old:
    :path: ".symlinks/plugins/flutter_plugin_old/ios"

SPEC CHECKSUMS:
  Flutter: 0e3d915762c693b495b44d77113d4970485de6ec
  flutter_plugin_old: 9f763a8cfb4b60ff2899db39c1e698a26bb45ff9

PODFILE CHECKSUM: 8e679eca47255a8ca8067c4c67aab20e64cb974d

COCOAPODS: 1.10.0
